
Microsoft Visual Studio Solution File, Format Version 12.00
# Visual Studio Version 16
VisualStudioVersion = 16.0.29418.71
MinimumVisualStudioVersion = 10.0.40219.1
Project("{FAE04EC0-301F-11D3-BF4B-00C04F79EFBC}") = "DingQrCodeLogin", "DingQrCodeLogin\DingQrCodeLogin.csproj", "{BA0991E8-A26E-4421-84BE-1B1C50ACE933}"
EndProject
Global
	GlobalSection(SolutionConfigurationPlatforms) = preSolution
		Debug|Any CPU = Debug|Any CPU
		Release|Any CPU = Release|Any CPU
	EndGlobalSection
	GlobalSection(ProjectConfigurationPlatforms) = postSolution
		{BA0991E8-A26E-4421-84BE-1B1C50ACE933}.Debug|Any CPU.ActiveCfg = Debug|Any CPU
		{BA0991E8-A26E-4421-84BE-1B1C50ACE933}.Debug|Any CPU.Build.0 = Debug|Any CPU
		{BA0991E8-A26E-4421-84BE-1B1C50ACE933}.Release|Any CPU.ActiveCfg = Release|Any CPU
		{BA0991E8-A26E-4421-84BE-1B1C50ACE933}.Release|Any CPU.Build.0 = Release|Any CPU
	EndGlobalSection
	GlobalSection(SolutionProperties) = preSolution
		HideSolutionNode = FALSE
	EndGlobalSection
	GlobalSection(ExtensibilityGlobals) = postSolution
		SolutionGuid = {172548D9-C949-4F82-B851-3A62E4060E0B}
	EndGlobalSection
EndGlobal
